schema: '2.0'
stages:
  data_ingestion:
    cmd: python src/data_ingestion.py
    deps:
    - path: src/data_ingestion.py
      hash: md5
      md5: 4bbc9fabccb885f006e2b038f1c9d38c
      size: 3658
    params:
      params.yaml:
        data_ingestion.test_size: 0.3
    outs:
    - path: data/raw
      hash: md5
      md5: d26befd2dda9438254177d9000d9ba1f.dir
      size: 484846
      nfiles: 2
  preprocessing:
    cmd: python src/preprocessing.py
    deps:
    - path: data/raw
      hash: md5
      md5: d26befd2dda9438254177d9000d9ba1f.dir
      size: 484846
      nfiles: 2
    - path: src/preprocessing.py
      hash: md5
      md5: 57cdef761df089f2e8e86a1327015096
      size: 3991
    outs:
    - path: data/interim
      hash: md5
      md5: 61ca13b2e20854a1f7bacbbcfeca409e.dir
      size: 262513
      nfiles: 2
  feature_engineering:
    cmd: python src/feature_engineering.py
    deps:
    - path: data/interim
      hash: md5
      md5: 61ca13b2e20854a1f7bacbbcfeca409e.dir
      size: 262513
      nfiles: 2
    - path: src/feature_engineering.py
      hash: md5
      md5: b3821beefdf3579d4800b8a17405bef1
      size: 3932
    params:
      params.yaml:
        feature_engineering.max_features: 45
    outs:
    - path: data/processed
      hash: md5
      md5: f9a2073e31e230fe88ec836c0c6fa216.dir
      size: 1073352
      nfiles: 2
  model_building:
    cmd: python src/model_building.py
    deps:
    - path: data/processed
      hash: md5
      md5: f9a2073e31e230fe88ec836c0c6fa216.dir
      size: 1073352
      nfiles: 2
    - path: src/model_building.py
      hash: md5
      md5: ce304d645a537f398020b110ae55459b
      size: 4501
    params:
      params.yaml:
        model_building.n_estimators: 20
        model_building.random_state: 2
    outs:
    - path: models/model.pkl
      hash: md5
      md5: 8fdde3c74ddf0fccc9645634d71094b0
      size: 689622
  model_evaluation:
    cmd: python src/model_evaluation.py
    deps:
    - path: models/model.pkl
      hash: md5
      md5: 8fdde3c74ddf0fccc9645634d71094b0
      size: 689622
    - path: src/model_evaluation.py
      hash: md5
      md5: 69ab60896e52e206a45c5f8faf9af615
      size: 4649
    outs:
    - path: reports/metrics.json
      hash: md5
      md5: 92ef7433801a644a43c4989586c8ac1d
      size: 144
